// !$*UTF8*$!
{
	archiveVersion = 1;
	classes = {
	};
	objectVersion = 77;
	objects = {

/* Begin PBXBuildFile section */
		3E75FEEF2D6B34A800E6BCF6 /* WidgetKit.framework in Frameworks */ = {isa = PBXBuildFile; fileRef = 3E75FEEE2D6B34A800E6BCF6 /* WidgetKit.framework */; };
		3E75FEF12D6B34A800E6BCF6 /* SwiftUI.framework in Frameworks */ = {isa = PBXBuildFile; fileRef = 3E75FEF02D6B34A800E6BCF6 /* SwiftUI.framework */; };
		3E75FF022D6B34AA00E6BCF6 /* HoopKitWidgetExtension.appex in Embed Foundation Extensions */ = {isa = PBXBuildFile; fileRef = 3E75FEEC2D6B34A800E6BCF6 /* HoopKitWidgetExtension.appex */; settings = {ATTRIBUTES = (RemoveHeadersOnCopy, ); }; };
/* End PBXBuildFile section */

/* Begin PBXContainerItemProxy section */
		3E012BFE2D22FA6700F8A160 /* PBXContainerItemProxy */ = {
			isa = PBXContainerItemProxy;
			containerPortal = 3E012BE02D22FA6600F8A160 /* Project object */;
			proxyType = 1;
			remoteGlobalIDString = 3E012BE72D22FA6600F8A160;
			remoteInfo = hoopkit;
		};
		3E012C082D22FA6700F8A160 /* PBXContainerItemProxy */ = {
			isa = PBXContainerItemProxy;
			containerPortal = 3E012BE02D22FA6600F8A160 /* Project object */;
			proxyType = 1;
			remoteGlobalIDString = 3E012BE72D22FA6600F8A160;
			remoteInfo = hoopkit;
		};
		3E75FF002D6B34AA00E6BCF6 /* PBXContainerItemProxy */ = {
			isa = PBXContainerItemProxy;
			containerPortal = 3E012BE02D22FA6600F8A160 /* Project object */;
			proxyType = 1;
			remoteGlobalIDString = 3E75FEEB2D6B34A800E6BCF6;
			remoteInfo = HoopKitWidgetExtension;
		};
/* End PBXContainerItemProxy section */

/* Begin PBXCopyFilesBuildPhase section */
		3E75FF072D6B34AA00E6BCF6 /* Embed Foundation Extensions */ = {
			isa = PBXCopyFilesBuildPhase;
			buildActionMask = 2147483647;
			dstPath = "";
			dstSubfolderSpec = 13;
			files = (
				3E75FF022D6B34AA00E6BCF6 /* HoopKitWidgetExtension.appex in Embed Foundation Extensions */,
			);
			name = "Embed Foundation Extensions";
			runOnlyForDeploymentPostprocessing = 0;
		};
/* End PBXCopyFilesBuildPhase section */

/* Begin PBXFileReference section */
		3E012BE82D22FA6600F8A160 /* hoopkit.app */ = {isa = PBXFileReference; explicitFileType = wrapper.application; includeInIndex = 0; path = hoopkit.app; sourceTree = BUILT_PRODUCTS_DIR; };
		3E012BFD2D22FA6700F8A160 /* hoopkitTests.xctest */ = {isa = PBXFileReference; explicitFileType = wrapper.cfbundle; includeInIndex = 0; path = hoopkitTests.xctest; sourceTree = BUILT_PRODUCTS_DIR; };
		3E012C072D22FA6700F8A160 /* hoopkitUITests.xctest */ = {isa = PBXFileReference; explicitFileType = wrapper.cfbundle; includeInIndex = 0; path = hoopkitUITests.xctest; sourceTree = BUILT_PRODUCTS_DIR; };
		3E75FEEC2D6B34A800E6BCF6 /* HoopKitWidgetExtension.appex */ = {isa = PBXFileReference; explicitFileType = "wrapper.app-extension"; includeInIndex = 0; path = HoopKitWidgetExtension.appex; sourceTree = BUILT_PRODUCTS_DIR; };
		3E75FEEE2D6B34A800E6BCF6 /* WidgetKit.framework */ = {isa = PBXFileReference; lastKnownFileType = wrapper.framework; name = WidgetKit.framework; path = System/Library/Frameworks/WidgetKit.framework; sourceTree = SDKROOT; };
		3E75FEF02D6B34A800E6BCF6 /* SwiftUI.framework */ = {isa = PBXFileReference; lastKnownFileType = wrapper.framework; name = SwiftUI.framework; path = System/Library/Frameworks/SwiftUI.framework; sourceTree = SDKROOT; };
		3E75FF082D6B38D600E6BCF6 /* HoopKitWidgetExtension.entitlements */ = {isa = PBXFileReference; lastKnownFileType = text.plist.entitlements; path = HoopKitWidgetExtension.entitlements; sourceTree = "<group>"; };
/* End PBXFileReference section */

/* Begin PBXFileSystemSynchronizedBuildFileExceptionSet section */
		3E75FF032D6B34AA00E6BCF6 /* Exceptions for "HoopKitWidget" folder in "HoopKitWidgetExtension" target */ = {
			isa = PBXFileSystemSynchronizedBuildFileExceptionSet;
			membershipExceptions = (
				Info.plist,
			);
			target = 3E75FEEB2D6B34A800E6BCF6 /* HoopKitWidgetExtension */;
		};
		3EE7ADA32D7DC86E005CFE2D /* Exceptions for "hoopkit" folder in "hoopkit" target */ = {
			isa = PBXFileSystemSynchronizedBuildFileExceptionSet;
			membershipExceptions = (
				Info.plist,
			);
			target = 3E012BE72D22FA6600F8A160 /* hoopkit */;
		};
/* End PBXFileSystemSynchronizedBuildFileExceptionSet section */

/* Begin PBXFileSystemSynchronizedGroupBuildPhaseMembershipExceptionSet section */
		3E75FF9B2D6B52D400E6BCF6 /* Exceptions for "hoopkit" folder in "Copy Bundle Resources" phase from "HoopKitWidgetExtension" target */ = {
			isa = PBXFileSystemSynchronizedGroupBuildPhaseMembershipExceptionSet;
			buildPhase = 3E75FEEA2D6B34A800E6BCF6 /* Resources */;
			membershipExceptions = (
				hoopkit.xcdatamodeld,
			);
		};
/* End PBXFileSystemSynchronizedGroupBuildPhaseMembershipExceptionSet section */

/* Begin PBXFileSystemSynchronizedRootGroup section */
		3E012BEA2D22FA6600F8A160 /* hoopkit */ = {
			isa = PBXFileSystemSynchronizedRootGroup;
			exceptions = (
				3EE7ADA32D7DC86E005CFE2D /* Exceptions for "hoopkit" folder in "hoopkit" target */,
				3E75FF9B2D6B52D400E6BCF6 /* Exceptions for "hoopkit" folder in "Copy Bundle Resources" phase from "HoopKitWidgetExtension" target */,
			);
			path = hoopkit;
			sourceTree = "<group>";
		};
		3E012C002D22FA6700F8A160 /* hoopkitTests */ = {
			isa = PBXFileSystemSynchronizedRootGroup;
			path = hoopkitTests;
			sourceTree = "<group>";
		};
		3E012C0A2D22FA6700F8A160 /* hoopkitUITests */ = {
			isa = PBXFileSystemSynchronizedRootGroup;
			path = hoopkitUITests;
			sourceTree = "<group>";
		};
		3E75FEF22D6B34A800E6BCF6 /* HoopKitWidget */ = {
			isa = PBXFileSystemSynchronizedRootGroup;
			exceptions = (
				3E75FF032D6B34AA00E6BCF6 /* Exceptions for "HoopKitWidget" folder in "HoopKitWidgetExtension" target */,
			);
			path = HoopKitWidget;
			sourceTree = "<group>";
		};
/* End PBXFileSystemSynchronizedRootGroup section */

/* Begin PBXFrameworksBuildPhase section */
		3E012BE52D22FA6600F8A160 /* Frameworks */ = {
			isa = PBXFrameworksBuildPhase;
			buildActionMask = 2147483647;
			files = (
			);
			runOnlyForDeploymentPostprocessing = 0;
		};
		3E012BFA2D22FA6700F8A160 /* Frameworks */ = {
			isa = PBXFrameworksBuildPhase;
			buildActionMask = 2147483647;
			files = (
			);
			runOnlyForDeploymentPostprocessing = 0;
		};
		3E012C042D22FA6700F8A160 /* Frameworks */ = {
			isa = PBXFrameworksBuildPhase;
			buildActionMask = 2147483647;
			files = (
			);
			runOnlyForDeploymentPostprocessing = 0;
		};
		3E75FEE92D6B34A800E6BCF6 /* Frameworks */ = {
			isa = PBXFrameworksBuildPhase;
			buildActionMask = 2147483647;
			files = (
				3E75FEF12D6B34A800E6BCF6 /* SwiftUI.framework in Frameworks */,
				3E75FEEF2D6B34A800E6BCF6 /* WidgetKit.framework in Frameworks */,
			);
			runOnlyForDeploymentPostprocessing = 0;
		};
/* End PBXFrameworksBuildPhase section */

/* Begin PBXGroup section */
		3E012BDF2D22FA6600F8A160 = {
			isa = PBXGroup;
			children = (
				3E75FF082D6B38D600E6BCF6 /* HoopKitWidgetExtension.entitlements */,
				3E012BEA2D22FA6600F8A160 /* hoopkit */,
				3E012C002D22FA6700F8A160 /* hoopkitTests */,
				3E012C0A2D22FA6700F8A160 /* hoopkitUITests */,
				3E75FEF22D6B34A800E6BCF6 /* HoopKitWidget */,
				3E75FEED2D6B34A800E6BCF6 /* Frameworks */,
				3E012BE92D22FA6600F8A160 /* Products */,
			);
			sourceTree = "<group>";
		};
		3E012BE92D22FA6600F8A160 /* Products */ = {
			isa = PBXGroup;
			children = (
				3E012BE82D22FA6600F8A160 /* hoopkit.app */,
				3E012BFD2D22FA6700F8A160 /* hoopkitTests.xctest */,
				3E012C072D22FA6700F8A160 /* hoopkitUITests.xctest */,
				3E75FEEC2D6B34A800E6BCF6 /* HoopKitWidgetExtension.appex */,
			);
			name = Products;
			sourceTree = "<group>";
		};
		3E75FEED2D6B34A800E6BCF6 /* Frameworks */ = {
			isa = PBXGroup;
			children = (
				3E75FEEE2D6B34A800E6BCF6 /* WidgetKit.framework */,
				3E75FEF02D6B34A800E6BCF6 /* SwiftUI.framework */,
			);
			name = Frameworks;
			sourceTree = "<group>";
		};
/* End PBXGroup section */

/* Begin PBXNativeTarget section */
		3E012BE72D22FA6600F8A160 /* hoopkit */ = {
			isa = PBXNativeTarget;
			buildConfigurationList = 3E012C112D22FA6700F8A160 /* Build configuration list for PBXNativeTarget "hoopkit" */;
			buildPhases = (
				3E012BE42D22FA6600F8A160 /* Sources */,
				3E012BE52D22FA6600F8A160 /* Frameworks */,
				3E012BE62D22FA6600F8A160 /* Resources */,
				3E75FF072D6B34AA00E6BCF6 /* Embed Foundation Extensions */,
			);
			buildRules = (
			);
			dependencies = (
				3E75FF012D6B34AA00E6BCF6 /* PBXTargetDependency */,
			);
			fileSystemSynchronizedGroups = (
				3E012BEA2D22FA6600F8A160 /* hoopkit */,
			);
			name = hoopkit;
			packageProductDependencies = (
			);
			productName = hoopkit;
			productReference = 3E012BE82D22FA6600F8A160 /* hoopkit.app */;
			productType = "com.apple.product-type.application";
		};
		3E012BFC2D22FA6700F8A160 /* hoopkitTests */ = {
			isa = PBXNativeTarget;
			buildConfigurationList = 3E012C142D22FA6700F8A160 /* Build configuration list for PBXNativeTarget "hoopkitTests" */;
			buildPhases = (
				3E012BF92D22FA6700F8A160 /* Sources */,
				3E012BFA2D22FA6700F8A160 /* Frameworks */,
				3E012BFB2D22FA6700F8A160 /* Resources */,
			);
			buildRules = (
			);
			dependencies = (
				3E012BFF2D22FA6700F8A160 /* PBXTargetDependency */,
			);
			fileSystemSynchronizedGroups = (
				3E012C002D22FA6700F8A160 /* hoopkitTests */,
			);
			name = hoopkitTests;
			packageProductDependencies = (
			);
			productName = hoopkitTests;
			productReference = 3E012BFD2D22FA6700F8A160 /* hoopkitTests.xctest */;
			productType = "com.apple.product-type.bundle.unit-test";
		};
		3E012C062D22FA6700F8A160 /* hoopkitUITests */ = {
			isa = PBXNativeTarget;
			buildConfigurationList = 3E012C172D22FA6700F8A160 /* Build configuration list for PBXNativeTarget "hoopkitUITests" */;
			buildPhases = (
				3E012C032D22FA6700F8A160 /* Sources */,
				3E012C042D22FA6700F8A160 /* Frameworks */,
				3E012C052D22FA6700F8A160 /* Resources */,
			);
			buildRules = (
			);
			dependencies = (
				3E012C092D22FA6700F8A160 /* PBXTargetDependency */,
			);
			fileSystemSynchronizedGroups = (
				3E012C0A2D22FA6700F8A160 /* hoopkitUITests */,
			);
			name = hoopkitUITests;
			packageProductDependencies = (
			);
			productName = hoopkitUITests;
			productReference = 3E012C072D22FA6700F8A160 /* hoopkitUITests.xctest */;
			productType = "com.apple.product-type.bundle.ui-testing";
		};
		3E75FEEB2D6B34A800E6BCF6 /* HoopKitWidgetExtension */ = {
			isa = PBXNativeTarget;
			buildConfigurationList = 3E75FF042D6B34AA00E6BCF6 /* Build configuration list for PBXNativeTarget "HoopKitWidgetExtension" */;
			buildPhases = (
				3E75FEE82D6B34A800E6BCF6 /* Sources */,
				3E75FEE92D6B34A800E6BCF6 /* Frameworks */,
				3E75FEEA2D6B34A800E6BCF6 /* Resources */,
			);
			buildRules = (
			);
			dependencies = (
			);
			fileSystemSynchronizedGroups = (
				3E75FEF22D6B34A800E6BCF6 /* HoopKitWidget */,
			);
			name = HoopKitWidgetExtension;
			packageProductDependencies = (
			);
			productName = HoopKitWidgetExtension;
			productReference = 3E75FEEC2D6B34A800E6BCF6 /* HoopKitWidgetExtension.appex */;
			productType = "com.apple.product-type.app-extension";
		};
/* End PBXNativeTarget section */

/* Begin PBXProject section */
		3E012BE02D22FA6600F8A160 /* Project object */ = {
			isa = PBXProject;
			attributes = {
				BuildIndependentTargetsInParallel = 1;
				LastSwiftUpdateCheck = 1620;
				LastUpgradeCheck = 1620;
				TargetAttributes = {
					3E012BE72D22FA6600F8A160 = {
						CreatedOnToolsVersion = 16.2;
					};
					3E012BFC2D22FA6700F8A160 = {
						CreatedOnToolsVersion = 16.2;
						TestTargetID = 3E012BE72D22FA6600F8A160;
					};
					3E012C062D22FA6700F8A160 = {
						CreatedOnToolsVersion = 16.2;
						TestTargetID = 3E012BE72D22FA6600F8A160;
					};
					3E75FEEB2D6B34A800E6BCF6 = {
						CreatedOnToolsVersion = 16.2;
					};
				};
			};
			buildConfigurationList = 3E012BE32D22FA6600F8A160 /* Build configuration list for PBXProject "hoopkit" */;
			developmentRegion = en;
			hasScannedForEncodings = 0;
			knownRegions = (
				en,
				Base,
				zh,
			);
			mainGroup = 3E012BDF2D22FA6600F8A160;
			minimizedProjectReferenceProxies = 1;
			preferredProjectObjectVersion = 77;
			productRefGroup = 3E012BE92D22FA6600F8A160 /* Products */;
			projectDirPath = "";
			projectRoot = "";
			targets = (
				3E012BE72D22FA6600F8A160 /* hoopkit */,
				3E012BFC2D22FA6700F8A160 /* hoopkitTests */,
				3E012C062D22FA6700F8A160 /* hoopkitUITests */,
				3E75FEEB2D6B34A800E6BCF6 /* HoopKitWidgetExtension */,
			);
		};
/* End PBXProject section */

/* Begin PBXResourcesBuildPhase section */
		3E012BE62D22FA6600F8A160 /* Resources */ = {
			isa = PBXResourcesBuildPhase;
			buildActionMask = 2147483647;
			files = (
			);
			runOnlyForDeploymentPostprocessing = 0;
		};
		3E012BFB2D22FA6700F8A160 /* Resources */ = {
			isa = PBXResourcesBuildPhase;
			buildActionMask = 2147483647;
			files = (
			);
			runOnlyForDeploymentPostprocessing = 0;
		};
		3E012C052D22FA6700F8A160 /* Resources */ = {
			isa = PBXResourcesBuildPhase;
			buildActionMask = 2147483647;
			files = (
			);
			runOnlyForDeploymentPostprocessing = 0;
		};
		3E75FEEA2D6B34A800E6BCF6 /* Resources */ = {
			isa = PBXResourcesBuildPhase;
			buildActionMask = 2147483647;
			files = (
			);
			runOnlyForDeploymentPostprocessing = 0;
		};
/* End PBXResourcesBuildPhase section */

/* Begin PBXSourcesBuildPhase section */
		3E012BE42D22FA6600F8A160 /* Sources */ = {
			isa = PBXSourcesBuildPhase;
			buildActionMask = 2147483647;
			files = (
			);
			runOnlyForDeploymentPostprocessing = 0;
		};
		3E012BF92D22FA6700F8A160 /* Sources */ = {
			isa = PBXSourcesBuildPhase;
			buildActionMask = 2147483647;
			files = (
			);
			runOnlyForDeploymentPostprocessing = 0;
		};
		3E012C032D22FA6700F8A160 /* Sources */ = {
			isa = PBXSourcesBuildPhase;
			buildActionMask = 2147483647;
			files = (
			);
			runOnlyForDeploymentPostprocessing = 0;
		};
		3E75FEE82D6B34A800E6BCF6 /* Sources */ = {
			isa = PBXSourcesBuildPhase;
			buildActionMask = 2147483647;
			files = (
			);
			runOnlyForDeploymentPostprocessing = 0;
		};
/* End PBXSourcesBuildPhase section */

/* Begin PBXTargetDependency section */
		3E012BFF2D22FA6700F8A160 /* PBXTargetDependency */ = {
			isa = PBXTargetDependency;
			target = 3E012BE72D22FA6600F8A160 /* hoopkit */;
			targetProxy = 3E012BFE2D22FA6700F8A160 /* PBXContainerItemProxy */;
		};
		3E012C092D22FA6700F8A160 /* PBXTargetDependency */ = {
			isa = PBXTargetDependency;
			target = 3E012BE72D22FA6600F8A160 /* hoopkit */;
			targetProxy = 3E012C082D22FA6700F8A160 /* PBXContainerItemProxy */;
		};
		3E75FF012D6B34AA00E6BCF6 /* PBXTargetDependency */ = {
			isa = PBXTargetDependency;
			target = 3E75FEEB2D6B34A800E6BCF6 /* HoopKitWidgetExtension */;
			targetProxy = 3E75FF002D6B34AA00E6BCF6 /* PBXContainerItemProxy */;
		};
/* End PBXTargetDependency section */

/* Begin XCBuildConfiguration section */
		3E012C0F2D22FA6700F8A160 /* Debug */ = {
			isa = XCBuildConfiguration;
			buildSettings = {
				ALWAYS_SEARCH_USER_PATHS = NO;
				ASSETCATALOG_COMPILER_GENERATE_SWIFT_ASSET_SYMBOL_EXTENSIONS = YES;
				CLANG_ANALYZER_NONNULL = YES;
				CLANG_ANALYZER_NUMBER_OBJECT_CONVERSION = YES_AGGRESSIVE;
				CLANG_CXX_LANGUAGE_STANDARD = "gnu++20";
				CLANG_ENABLE_MODULES = YES;
				CLANG_ENABLE_OBJC_ARC = YES;
				CLANG_ENABLE_OBJC_WEAK = YES;
				CLANG_WARN_BLOCK_CAPTURE_AUTORELEASING = YES;
				CLANG_WARN_BOOL_CONVERSION = YES;
				CLANG_WARN_COMMA = YES;
				CLANG_WARN_CONSTANT_CONVERSION = YES;
				CLANG_WARN_DEPRECATED_OBJC_IMPLEMENTATIONS = YES;
				CLANG_WARN_DIRECT_OBJC_ISA_USAGE = YES_ERROR;
				CLANG_WARN_DOCUMENTATION_COMMENTS = YES;
				CLANG_WARN_EMPTY_BODY = YES;
				CLANG_WARN_ENUM_CONVERSION = YES;
				CLANG_WARN_INFINITE_RECURSION = YES;
				CLANG_WARN_INT_CONVERSION = YES;
				CLANG_WARN_NON_LITERAL_NULL_CONVERSION = YES;
				CLANG_WARN_OBJC_IMPLICIT_RETAIN_SELF = YES;
				CLANG_WARN_OBJC_LITERAL_CONVERSION = YES;
				CLANG_WARN_OBJC_ROOT_CLASS = YES_ERROR;
				CLANG_WARN_QUOTED_INCLUDE_IN_FRAMEWORK_HEADER = YES;
				CLANG_WARN_RANGE_LOOP_ANALYSIS = YES;
				CLANG_WARN_STRICT_PROTOTYPES = YES;
				CLANG_WARN_SUSPICIOUS_MOVE = YES;
				CLANG_WARN_UNGUARDED_AVAILABILITY = YES_AGGRESSIVE;
				CLANG_WARN_UNREACHABLE_CODE = YES;
				CLANG_WARN__DUPLICATE_METHOD_MATCH = YES;
				COPY_PHASE_STRIP = NO;
				DEBUG_INFORMATION_FORMAT = dwarf;
				ENABLE_STRICT_OBJC_MSGSEND = YES;
				ENABLE_TESTABILITY = YES;
				ENABLE_USER_SCRIPT_SANDBOXING = YES;
				GCC_C_LANGUAGE_STANDARD = gnu17;
				GCC_DYNAMIC_NO_PIC = NO;
				GCC_NO_COMMON_BLOCKS = YES;
				GCC_OPTIMIZATION_LEVEL = 0;
				GCC_PREPROCESSOR_DEFINITIONS = (
					"DEBUG=1",
					"$(inherited)",
				);
				GCC_WARN_64_TO_32_BIT_CONVERSION = YES;
				GCC_WARN_ABOUT_RETURN_TYPE = YES_ERROR;
				GCC_WARN_UNDECLARED_SELECTOR = YES;
				GCC_WARN_UNINITIALIZED_AUTOS = YES_AGGRESSIVE;
				GCC_WARN_UNUSED_FUNCTION = YES;
				GCC_WARN_UNUSED_VARIABLE = YES;
				IPHONEOS_DEPLOYMENT_TARGET = 18.2;
				LOCALIZATION_PREFERS_STRING_CATALOGS = YES;
				MTL_ENABLE_DEBUG_INFO = INCLUDE_SOURCE;
				MTL_FAST_MATH = YES;
				ONLY_ACTIVE_ARCH = YES;
				SDKROOT = iphoneos;
				SWIFT_ACTIVE_COMPILATION_CONDITIONS = "DEBUG $(inherited)";
				SWIFT_OPTIMIZATION_LEVEL = "-Onone";
			};
			name = Debug;
		};
		3E012C102D22FA6700F8A160 /* Release */ = {
			isa = XCBuildConfiguration;
			buildSettings = {
				ALWAYS_SEARCH_USER_PATHS = NO;
				ASSETCATALOG_COMPILER_GENERATE_SWIFT_ASSET_SYMBOL_EXTENSIONS = YES;
				CLANG_ANALYZER_NONNULL = YES;
				CLANG_ANALYZER_NUMBER_OBJECT_CONVERSION = YES_AGGRESSIVE;
				CLANG_CXX_LANGUAGE_STANDARD = "gnu++20";
				CLANG_ENABLE_MODULES = YES;
				CLANG_ENABLE_OBJC_ARC = YES;
				CLANG_ENABLE_OBJC_WEAK = YES;
				CLANG_WARN_BLOCK_CAPTURE_AUTORELEASING = YES;
				CLANG_WARN_BOOL_CONVERSION = YES;
				CLANG_WARN_COMMA = YES;
				CLANG_WARN_CONSTANT_CONVERSION = YES;
				CLANG_WARN_DEPRECATED_OBJC_IMPLEMENTATIONS = YES;
				CLANG_WARN_DIRECT_OBJC_ISA_USAGE = YES_ERROR;
				CLANG_WARN_DOCUMENTATION_COMMENTS = YES;
				CLANG_WARN_EMPTY_BODY = YES;
				CLANG_WARN_ENUM_CONVERSION = YES;
				CLANG_WARN_INFINITE_RECURSION = YES;
				CLANG_WARN_INT_CONVERSION = YES;
				CLANG_WARN_NON_LITERAL_NULL_CONVERSION = YES;
				CLANG_WARN_OBJC_IMPLICIT_RETAIN_SELF = YES;
				CLANG_WARN_OBJC_LITERAL_CONVERSION = YES;
				CLANG_WARN_OBJC_ROOT_CLASS = YES_ERROR;
				CLANG_WARN_QUOTED_INCLUDE_IN_FRAMEWORK_HEADER = YES;
				CLANG_WARN_RANGE_LOOP_ANALYSIS = YES;
				CLANG_WARN_STRICT_PROTOTYPES = YES;
				CLANG_WARN_SUSPICIOUS_MOVE = YES;
				CLANG_WARN_UNGUARDED_AVAILABILITY = YES_AGGRESSIVE;
				CLANG_WARN_UNREACHABLE_CODE = YES;
				CLANG_WARN__DUPLICATE_METHOD_MATCH = YES;
				COPY_PHASE_STRIP = NO;
				DEBUG_INFORMATION_FORMAT = "dwarf-with-dsym";
				ENABLE_NS_ASSERTIONS = NO;
				ENABLE_STRICT_OBJC_MSGSEND = YES;
				ENABLE_USER_SCRIPT_SANDBOXING = YES;
				GCC_C_LANGUAGE_STANDARD = gnu17;
				GCC_NO_COMMON_BLOCKS = YES;
				GCC_WARN_64_TO_32_BIT_CONVERSION = YES;
				GCC_WARN_ABOUT_RETURN_TYPE = YES_ERROR;
				GCC_WARN_UNDECLARED_SELECTOR = YES;
				GCC_WARN_UNINITIALIZED_AUTOS = YES_AGGRESSIVE;
				GCC_WARN_UNUSED_FUNCTION = YES;
				GCC_WARN_UNUSED_VARIABLE = YES;
				IPHONEOS_DEPLOYMENT_TARGET = 18.2;
				LOCALIZATION_PREFERS_STRING_CATALOGS = YES;
				MTL_ENABLE_DEBUG_INFO = NO;
				MTL_FAST_MATH = YES;
				SDKROOT = iphoneos;
				SWIFT_COMPILATION_MODE = wholemodule;
				VALIDATE_PRODUCT = YES;
			};
			name = Release;
		};
		3E012C122D22FA6700F8A160 /* Debug */ = {
			isa = XCBuildConfiguration;
			buildSettings = {
				ASSETCATALOG_COMPILER_APPICON_NAME = AppIcon;
				ASSETCATALOG_COMPILER_GLOBAL_ACCENT_COLOR_NAME = AccentColor;
				CODE_SIGN_ENTITLEMENTS = hoopkit/hoopkit.entitlements;
				CODE_SIGN_STYLE = Automatic;
				CURRENT_PROJECT_VERSION = 20250319;
				DEVELOPMENT_ASSET_PATHS = "\"hoopkit/Preview Content\"";
				DEVELOPMENT_TEAM = 87C864GKPU;
				ENABLE_PREVIEWS = YES;
				GENERATE_INFOPLIST_FILE = NO;
				INFOPLIST_FILE = hoopkit/Info.plist;
				INFOPLIST_KEY_CFBundleDisplayName = HoopMemo;
				INFOPLIST_KEY_LSApplicationCategoryType = "public.app-category.sports";
				INFOPLIST_KEY_UIApplicationSceneManifest_Generation = NO;
				INFOPLIST_KEY_UIApplicationSupportsIndirectInputEvents = NO;
				INFOPLIST_KEY_UILaunchScreen_Generation = NO;
				INFOPLIST_KEY_UISupportedInterfaceOrientations = UIInterfaceOrientationPortrait;
				INFOPLIST_KEY_UISupportedInterfaceOrientations_iPad = "UIInterfaceOrientationLandscapeLeft UIInterfaceOrientationLandscapeRight UIInterfaceOrientationPortrait UIInterfaceOrientationPortraitUpsideDown";
				IPHONEOS_DEPLOYMENT_TARGET = 16.0;
				LD_RUNPATH_SEARCH_PATHS = (
					"$(inherited)",
					"@executable_path/Frameworks",
				);
				MARKETING_VERSION = 1.0.2;
				PRODUCT_BUNDLE_IDENTIFIER = com.example.handleRecord.hoopkit;
				PRODUCT_NAME = "$(TARGET_NAME)";
				SWIFT_EMIT_LOC_STRINGS = NO;
				SWIFT_VERSION = 5.0;
				TARGETED_DEVICE_FAMILY = "1,2";
			};
			name = Debug;
		};
		3E012C132D22FA6700F8A160 /* Release */ = {
			isa = XCBuildConfiguration;
			buildSettings = {
				ASSETCATALOG_COMPILER_APPICON_NAME = AppIcon;
				ASSETCATALOG_COMPILER_GLOBAL_ACCENT_COLOR_NAME = AccentColor;
				CODE_SIGN_ENTITLEMENTS = hoopkit/hoopkit.entitlements;
				CODE_SIGN_STYLE = Automatic;
				CURRENT_PROJECT_VERSION = 20250319;
				DEVELOPMENT_ASSET_PATHS = "\"hoopkit/Preview Content\"";
				DEVELOPMENT_TEAM = 87C864GKPU;
				ENABLE_PREVIEWS = YES;
				GENERATE_INFOPLIST_FILE = NO;
				INFOPLIST_FILE = hoopkit/Info.plist;
				INFOPLIST_KEY_CFBundleDisplayName = HoopMemo;
				INFOPLIST_KEY_LSApplicationCategoryType = "public.app-category.sports";
				INFOPLIST_KEY_UIApplicationSceneManifest_Generation = NO;
				INFOPLIST_KEY_UIApplicationSupportsIndirectInputEvents = NO;
				INFOPLIST_KEY_UILaunchScreen_Generation = NO;
				INFOPLIST_KEY_UISupportedInterfaceOrientations = UIInterfaceOrientationPortrait;
				INFOPLIST_KEY_UISupportedInterfaceOrientations_iPad = "UIInterfaceOrientationLandscapeLeft UIInterfaceOrientationLandscapeRight UIInterfaceOrientationPortrait UIInterfaceOrientationPortraitUpsideDown";
				IPHONEOS_DEPLOYMENT_TARGET = 16.0;
				LD_RUNPATH_SEARCH_PATHS = (
					"$(inherited)",
					"@executable_path/Frameworks",
				);
				MARKETING_VERSION = 1.0.2;
				PRODUCT_BUNDLE_IDENTIFIER = com.example.handleRecord.hoopkit;
				PRODUCT_NAME = "$(TARGET_NAME)";
				SWIFT_EMIT_LOC_STRINGS = NO;
				SWIFT_VERSION = 5.0;
				TARGETED_DEVICE_FAMILY = "1,2";
			};
			name = Release;
		};
		3E012C152D22FA6700F8A160 /* Debug */ = {
			isa = XCBuildConfiguration;
			buildSettings = {
				BUNDLE_LOADER = "$(TEST_HOST)";
				CODE_SIGN_STYLE = Automatic;
				CURRENT_PROJECT_VERSION = 1;
				DEVELOPMENT_TEAM = 87C864GKPU;
				GENERATE_INFOPLIST_FILE = YES;
				IPHONEOS_DEPLOYMENT_TARGET = 18.2;
				MARKETING_VERSION = 1.0;
				PRODUCT_BUNDLE_IDENTIFIER = com.example.handleRecord.hoopkitTests;
				PRODUCT_NAME = "$(TARGET_NAME)";
				SWIFT_EMIT_LOC_STRINGS = NO;
				SWIFT_VERSION = 5.0;
				TARGETED_DEVICE_FAMILY = "1,2";
				TEST_HOST = "$(BUILT_PRODUCTS_DIR)/hoopkit.app/$(BUNDLE_EXECUTABLE_FOLDER_PATH)/hoopkit";
			};
			name = Debug;
		};
		3E012C162D22FA6700F8A160 /* Release */ = {
			isa = XCBuildConfiguration;
			buildSettings = {
				BUNDLE_LOADER = "$(TEST_HOST)";
				CODE_SIGN_STYLE = Automatic;
				CURRENT_PROJECT_VERSION = 1;
				DEVELOPMENT_TEAM = 87C864GKPU;
				GENERATE_INFOPLIST_FILE = YES;
				IPHONEOS_DEPLOYMENT_TARGET = 18.2;
				MARKETING_VERSION = 1.0;
				PRODUCT_BUNDLE_IDENTIFIER = com.example.handleRecord.hoopkitTests;
				PRODUCT_NAME = "$(TARGET_NAME)";
				SWIFT_EMIT_LOC_STRINGS = NO;
				SWIFT_VERSION = 5.0;
				TARGETED_DEVICE_FAMILY = "1,2";
				TEST_HOST = "$(BUILT_PRODUCTS_DIR)/hoopkit.app/$(BUNDLE_EXECUTABLE_FOLDER_PATH)/hoopkit";
			};
			name = Release;
		};
		3E012C182D22FA6700F8A160 /* Debug */ = {
			isa = XCBuildConfiguration;
			buildSettings = {
				CODE_SIGN_STYLE = Automatic;
				CURRENT_PROJECT_VERSION = 1;
				DEVELOPMENT_TEAM = 87C864GKPU;
				GENERATE_INFOPLIST_FILE = YES;
				MARKETING_VERSION = 1.0;
				PRODUCT_BUNDLE_IDENTIFIER = com.example.handleRecord.hoopkitUITests;
				PRODUCT_NAME = "$(TARGET_NAME)";
				SWIFT_EMIT_LOC_STRINGS = NO;
				SWIFT_VERSION = 5.0;
				TARGETED_DEVICE_FAMILY = "1,2";
				TEST_TARGET_NAME = hoopkit;
			};
			name = Debug;
		};
		3E012C192D22FA6700F8A160 /* Release */ = {
			isa = XCBuildConfiguration;
			buildSettings = {
				CODE_SIGN_STYLE = Automatic;
				CURRENT_PROJECT_VERSION = 1;
				DEVELOPMENT_TEAM = 87C864GKPU;
				GENERATE_INFOPLIST_FILE = YES;
				MARKETING_VERSION = 1.0;
				PRODUCT_BUNDLE_IDENTIFIER = com.example.handleRecord.hoopkitUITests;
				PRODUCT_NAME = "$(TARGET_NAME)";
				SWIFT_EMIT_LOC_STRINGS = NO;
				SWIFT_VERSION = 5.0;
				TARGETED_DEVICE_FAMILY = "1,2";
				TEST_TARGET_NAME = hoopkit;
			};
			name = Release;
		};
		3E75FF052D6B34AA00E6BCF6 /* Debug */ = {
			isa = XCBuildConfiguration;
			buildSettings = {
				ASSETCATALOG_COMPILER_GLOBAL_ACCENT_COLOR_NAME = AccentColor;
				ASSETCATALOG_COMPILER_WIDGET_BACKGROUND_COLOR_NAME = WidgetBackground;
				CODE_SIGN_ENTITLEMENTS = HoopKitWidgetExtension.entitlements;
				CODE_SIGN_STYLE = Automatic;
				CURRENT_PROJECT_VERSION = 1;
				DEVELOPMENT_TEAM = 87C864GKPU;
				GENERATE_INFOPLIST_FILE = YES;
				INFOPLIST_FILE = HoopKitWidget/Info.plist;
				INFOPLIST_KEY_CFBundleDisplayName = HoopKitWidget;
				INFOPLIST_KEY_NSHumanReadableCopyright = "";
				LD_RUNPATH_SEARCH_PATHS = (
					"$(inherited)",
					"@executable_path/Frameworks",
					"@executable_path/../../Frameworks",
				);
				MARKETING_VERSION = 1.0;
				PRODUCT_BUNDLE_IDENTIFIER = com.example.handleRecord.hoopkit.HoopKitWidget;
				PRODUCT_NAME = "$(TARGET_NAME)";
				SKIP_INSTALL = YES;
				SWIFT_EMIT_LOC_STRINGS = YES;
				SWIFT_VERSION = 5.0;
				TARGETED_DEVICE_FAMILY = "1,2";
			};
			name = Debug;
		};
		3E75FF062D6B34AA00E6BCF6 /* Release */ = {
			isa = XCBuildConfiguration;
			buildSettings = {
				ASSETCATALOG_COMPILER_GLOBAL_ACCENT_COLOR_NAME = AccentColor;
				ASSETCATALOG_COMPILER_WIDGET_BACKGROUND_COLOR_NAME = WidgetBackground;
				CODE_SIGN_ENTITLEMENTS = HoopKitWidgetExtension.entitlements;
				CODE_SIGN_STYLE = Automatic;
				CURRENT_PROJECT_VERSION = 1;
				DEVELOPMENT_TEAM = 87C864GKPU;
				GENERATE_INFOPLIST_FILE = YES;
				INFOPLIST_FILE = HoopKitWidget/Info.plist;
				INFOPLIST_KEY_CFBundleDisplayName = HoopKitWidget;
				INFOPLIST_KEY_NSHumanReadableCopyright = "";
				LD_RUNPATH_SEARCH_PATHS = (
					"$(inherited)",
					"@executable_path/Frameworks",
					"@executable_path/../../Frameworks",
				);
				MARKETING_VERSION = 1.0;
				PRODUCT_BUNDLE_IDENTIFIER = com.example.handleRecord.hoopkit.HoopKitWidget;
				PRODUCT_NAME = "$(TARGET_NAME)";
				SKIP_INSTALL = YES;
				SWIFT_EMIT_LOC_STRINGS = YES;
				SWIFT_VERSION = 5.0;
				TARGETED_DEVICE_FAMILY = "1,2";
			};
			name = Release;
		};
/* End XCBuildConfiguration section */

/* Begin XCConfigurationList section */
		3E012BE32D22FA6600F8A160 /* Build configuration list for PBXProject "hoopkit" */ = {
			isa = XCConfigurationList;
			buildConfigurations = (
				3E012C0F2D22FA6700F8A160 /* Debug */,
				3E012C102D22FA6700F8A160 /* Release */,
			);
			defaultConfigurationIsVisible = 0;
			defaultConfigurationName = Release;
		};
		3E012C112D22FA6700F8A160 /* Build configuration list for PBXNativeTarget "hoopkit" */ = {
			isa = XCConfigurationList;
			buildConfigurations = (
				3E012C122D22FA6700F8A160 /* Debug */,
				3E012C132D22FA6700F8A160 /* Release */,
			);
			defaultConfigurationIsVisible = 0;
			defaultConfigurationName = Release;
		};
		3E012C142D22FA6700F8A160 /* Build configuration list for PBXNativeTarget "hoopkitTests" */ = {
			isa = XCConfigurationList;
			buildConfigurations = (
				3E012C152D22FA6700F8A160 /* Debug */,
				3E012C162D22FA6700F8A160 /* Release */,
			);
			defaultConfigurationIsVisible = 0;
			defaultConfigurationName = Release;
		};
		3E012C172D22FA6700F8A160 /* Build configuration list for PBXNativeTarget "hoopkitUITests" */ = {
			isa = XCConfigurationList;
			buildConfigurations = (
				3E012C182D22FA6700F8A160 /* Debug */,
				3E012C192D22FA6700F8A160 /* Release */,
			);
			defaultConfigurationIsVisible = 0;
			defaultConfigurationName = Release;
		};
		3E75FF042D6B34AA00E6BCF6 /* Build configuration list for PBXNativeTarget "HoopKitWidgetExtension" */ = {
			isa = XCConfigurationList;
			buildConfigurations = (
				3E75FF052D6B34AA00E6BCF6 /* Debug */,
				3E75FF062D6B34AA00E6BCF6 /* Release */,
			);
			defaultConfigurationIsVisible = 0;
			defaultConfigurationName = Release;
		};
/* End XCConfigurationList section */
	};
	rootObject = 3E012BE02D22FA6600F8A160 /* Project object */;
}
